
Microsoft Visual Studio Solution File, Format Version 12.00
# Visual Studio Version 17
VisualStudioVersion = 17.0.31903.59
MinimumVisualStudioVersion = 10.0.40219.1
Project("{FAE04EC0-301F-11D3-BF4B-00C04F79EFBC}") = "ArgumentParser", "ArgumentParser\ArgumentParser.csproj", "{363DDACD-06AF-40DC-85D4-9F281CF9CE5F}"
EndProject
Project("{FAE04EC0-301F-11D3-BF4B-00C04F79EFBC}") = "ExampleConsole", "ExampleConsole\ExampleConsole.csproj", "{C09461FD-0717-45FD-9E79-62650F2F9106}"
EndProject
Global
	GlobalSection(SolutionProperties) = preSolution
		HideSolutionNode = FALSE
	EndGlobalSection
	GlobalSection(SolutionConfigurationPlatforms) = preSolution
		Debug|Any CPU = Debug|Any CPU
		Debug|x64 = Debug|x64
		Debug|x86 = Debug|x86
		Release|Any CPU = Release|Any CPU
		Release|x64 = Release|x64
		Release|x86 = Release|x86
	EndGlobalSection
	GlobalSection(ProjectConfigurationPlatforms) = postSolution
		{363DDACD-06AF-40DC-85D4-9F281CF9CE5F}.Debug|Any CPU.ActiveCfg = Debug|Any CPU
		{363DDACD-06AF-40DC-85D4-9F281CF9CE5F}.Debug|Any CPU.Build.0 = Debug|Any CPU
		{363DDACD-06AF-40DC-85D4-9F281CF9CE5F}.Debug|x64.ActiveCfg = Debug|Any CPU
		{363DDACD-06AF-40DC-85D4-9F281CF9CE5F}.Debug|x64.Build.0 = Debug|Any CPU
		{363DDACD-06AF-40DC-85D4-9F281CF9CE5F}.Debug|x86.ActiveCfg = Debug|Any CPU
		{363DDACD-06AF-40DC-85D4-9F281CF9CE5F}.Debug|x86.Build.0 = Debug|Any CPU
		{363DDACD-06AF-40DC-85D4-9F281CF9CE5F}.Release|Any CPU.ActiveCfg = Release|Any CPU
		{363DDACD-06AF-40DC-85D4-9F281CF9CE5F}.Release|Any CPU.Build.0 = Release|Any CPU
		{363DDACD-06AF-40DC-85D4-9F281CF9CE5F}.Release|x64.ActiveCfg = Release|Any CPU
		{363DDACD-06AF-40DC-85D4-9F281CF9CE5F}.Release|x64.Build.0 = Release|Any CPU
		{363DDACD-06AF-40DC-85D4-9F281CF9CE5F}.Release|x86.ActiveCfg = Release|Any CPU
		{363DDACD-06AF-40DC-85D4-9F281CF9CE5F}.Release|x86.Build.0 = Release|Any CPU
		{AC1EB430-47B3-4E32-83DA-66D1018A02E4}.Debug|Any CPU.ActiveCfg = Debug|Any CPU
		{AC1EB430-47B3-4E32-83DA-66D1018A02E4}.Debug|Any CPU.Build.0 = Debug|Any CPU
		{AC1EB430-47B3-4E32-83DA-66D1018A02E4}.Debug|x64.ActiveCfg = Debug|Any CPU
		{AC1EB430-47B3-4E32-83DA-66D1018A02E4}.Debug|x64.Build.0 = Debug|Any CPU
		{AC1EB430-47B3-4E32-83DA-66D1018A02E4}.Debug|x86.ActiveCfg = Debug|Any CPU
		{AC1EB430-47B3-4E32-83DA-66D1018A02E4}.Debug|x86.Build.0 = Debug|Any CPU
		{AC1EB430-47B3-4E32-83DA-66D1018A02E4}.Release|Any CPU.ActiveCfg = Release|Any CPU
		{AC1EB430-47B3-4E32-83DA-66D1018A02E4}.Release|Any CPU.Build.0 = Release|Any CPU
		{AC1EB430-47B3-4E32-83DA-66D1018A02E4}.Release|x64.ActiveCfg = Release|Any CPU
		{AC1EB430-47B3-4E32-83DA-66D1018A02E4}.Release|x64.Build.0 = Release|Any CPU
		{AC1EB430-47B3-4E32-83DA-66D1018A02E4}.Release|x86.ActiveCfg = Release|Any CPU
		{AC1EB430-47B3-4E32-83DA-66D1018A02E4}.Release|x86.Build.0 = Release|Any CPU
		{C09461FD-0717-45FD-9E79-62650F2F9106}.Debug|Any CPU.ActiveCfg = Debug|Any CPU
		{C09461FD-0717-45FD-9E79-62650F2F9106}.Debug|Any CPU.Build.0 = Debug|Any CPU
		{C09461FD-0717-45FD-9E79-62650F2F9106}.Debug|x64.ActiveCfg = Debug|Any CPU
		{C09461FD-0717-45FD-9E79-62650F2F9106}.Debug|x64.Build.0 = Debug|Any CPU
		{C09461FD-0717-45FD-9E79-62650F2F9106}.Debug|x86.ActiveCfg = Debug|Any CPU
		{C09461FD-0717-45FD-9E79-62650F2F9106}.Debug|x86.Build.0 = Debug|Any CPU
		{C09461FD-0717-45FD-9E79-62650F2F9106}.Release|Any CPU.ActiveCfg = Release|Any CPU
		{C09461FD-0717-45FD-9E79-62650F2F9106}.Release|Any CPU.Build.0 = Release|Any CPU
		{C09461FD-0717-45FD-9E79-62650F2F9106}.Release|x64.ActiveCfg = Release|Any CPU
		{C09461FD-0717-45FD-9E79-62650F2F9106}.Release|x64.Build.0 = Release|Any CPU
		{C09461FD-0717-45FD-9E79-62650F2F9106}.Release|x86.ActiveCfg = Release|Any CPU
		{C09461FD-0717-45FD-9E79-62650F2F9106}.Release|x86.Build.0 = Release|Any CPU
	EndGlobalSection
EndGlobal
